#MicroXplorer Configuration settings - do not modify
ADC.Channel-0\#ChannelRegularConversion=ADC_CHANNEL_10
ADC.Channel-IN10=ADC_CHANNEL_10
ADC.IPParameters=Channel-0\#ChannelRegularConversion,SamplingTime-0\#ChannelRegularConversion,Rank-0\#ChannelRegularConversion,Channel-IN10
ADC.Rank-0\#ChannelRegularConversion=1
ADC.SamplingTime-0\#ChannelRegularConversion=ADC_SAMPLETIME_4CYCLES
File.Version=6
KeepUserPlacement=false
Mcu.Family=STM32L1
Mcu.IP0=ADC
Mcu.IP1=DAC
Mcu.IP10=USB
Mcu.IP2=I2C2
Mcu.IP3=NVIC
Mcu.IP4=RCC
Mcu.IP5=SYS
Mcu.IP6=TIM2
Mcu.IP7=TIM3
Mcu.IP8=TS
Mcu.IP9=USART1
Mcu.IPNb=11
Mcu.Name=STM32L152R(6-8-B)Tx
Mcu.Package=LQFP64
Mcu.Pin0=PC14-OSC32_IN
Mcu.Pin1=PC15-OSC32_OUT
Mcu.Pin10=PA3
Mcu.Pin11=PA4
Mcu.Pin12=PA5
Mcu.Pin13=PA6
Mcu.Pin14=PB1
Mcu.Pin15=PB10
Mcu.Pin16=PB11
Mcu.Pin17=PB12
Mcu.Pin18=PB13
Mcu.Pin19=PB14
Mcu.Pin2=PH0-OSC_IN
Mcu.Pin20=PB15
Mcu.Pin21=PC6
Mcu.Pin22=PC7
Mcu.Pin23=PC8
Mcu.Pin24=PC9
Mcu.Pin25=PA8
Mcu.Pin26=PA9
Mcu.Pin27=PA10
Mcu.Pin28=PA11
Mcu.Pin29=PA12
Mcu.Pin3=PH1-OSC_OUT
Mcu.Pin30=PA13
Mcu.Pin31=PA14
Mcu.Pin32=PB3
Mcu.Pin33=PB5
Mcu.Pin34=PB6
Mcu.Pin35=PB7
Mcu.Pin36=PB8
Mcu.Pin37=VP_SYS_VS_Systick
Mcu.Pin4=PC0
Mcu.Pin5=PC2
Mcu.Pin6=PC3
Mcu.Pin7=PA0-WKUP1
Mcu.Pin8=PA1
Mcu.Pin9=PA2
Mcu.PinsNb=38
Mcu.UserConstants=
Mcu.UserName=STM32L152R8Tx
MxCube.Version=4.15.1
MxDb.Version=DB.4.0.151
NVIC.BusFault_IRQn=true\:0\:0\:false\:false\:false
NVIC.DebugMonitor_IRQn=true\:0\:0\:false\:false\:false
NVIC.HardFault_IRQn=true\:0\:0\:false\:false\:false
NVIC.MemoryManagement_IRQn=true\:0\:0\:false\:false\:false
NVIC.NonMaskableInt_IRQn=true\:0\:0\:false\:false\:false
NVIC.PendSV_IRQn=true\:0\:0\:false\:false\:false
NVIC.PriorityGroup=NVIC_PRIORITYGROUP_4
NVIC.SVC_IRQn=true\:0\:0\:false\:false\:false
NVIC.SysTick_IRQn=true\:0\:0\:false\:false\:true
NVIC.UsageFault_IRQn=true\:0\:0\:false\:false\:false
PA0-WKUP1.Mode=G1_IO1-Sampling
PA0-WKUP1.Signal=TS_G1_IO1
PA1.Mode=G1_IO2-Channel
PA1.Signal=TS_G1_IO2
PA10.Mode=G4_IO3-Channel
PA10.Signal=TS_G4_IO3
PA11.Mode=Device
PA11.Signal=USB_DM
PA12.Mode=Device
PA12.Signal=USB_DP
PA13.Mode=Serial_Wire
PA13.Signal=SYS_JTMS-SWDIO
PA14.Mode=Serial_Wire
PA14.Signal=SYS_JTCK-SWCLK
PA2.Mode=G1_IO3-Channel
PA2.Signal=TS_G1_IO3
PA3.Mode=G1_IO4-Channel
PA3.Signal=TS_G1_IO4
PA4.Signal=COMP_DAC1_group
PA5.Signal=COMP_DAC2_group
PA6.Signal=S_TIM3_CH1
PA8.Mode=G4_IO1-Sampling
PA8.Signal=TS_G4_IO1
PA9.Mode=G4_IO2-Channel
PA9.Signal=TS_G4_IO2
PB1.Signal=S_TIM3_CH4
PB10.Mode=I2C
PB10.Signal=I2C2_SCL
PB11.Mode=I2C
PB11.Signal=I2C2_SDA
PB12.Mode=G7_IO1-Sampling
PB12.Signal=TS_G7_IO1
PB13.Mode=G7_IO2-Channel
PB13.Signal=TS_G7_IO2
PB14.Mode=G7_IO3-Channel
PB14.Signal=TS_G7_IO3
PB15.Mode=G7_IO4-Channel
PB15.Signal=TS_G7_IO4
PB3.Signal=S_TIM2_CH2
PB5.Locked=true
PB5.Signal=S_TIM3_CH2
PB6.Mode=Asynchronous
PB6.Signal=USART1_TX
PB7.Mode=Asynchronous
PB7.Signal=USART1_RX
PB8.Locked=true
PB8.Signal=S_TIM4_CH3
PC0.Mode=IN10
PC0.Signal=ADC_IN10
PC14-OSC32_IN.Mode=LSE-External-Oscillator
PC14-OSC32_IN.Signal=RCC_OSC32_IN
PC15-OSC32_OUT.Mode=LSE-External-Oscillator
PC15-OSC32_OUT.Signal=RCC_OSC32_OUT
PC2.Locked=true
PC2.Signal=TIMX_IC3
PC3.Locked=true
PC3.Signal=TIMX_IC4
PC6.Mode=G10_IO1-Sampling
PC6.Signal=TS_G10_IO1
PC7.Mode=G10_IO2-Channel
PC7.Signal=TS_G10_IO2
PC8.Mode=G10_IO3-Channel
PC8.Signal=TS_G10_IO3
PC9.Mode=G10_IO4-Channel
PC9.Signal=TS_G10_IO4
PCC.Battery=Li-MnO2(CR2032)
PCC.Battery.Capacity=225.0
PCC.Battery.Compatibility=Yes
PCC.Battery.InParallel=1
PCC.Battery.InSeries=1
PCC.Battery.MaxContinuous=3.0
PCC.Battery.MaxPulseCurrent=15.0
PCC.Battery.NominalVoltage=3.0
PCC.Battery.SelfDischarge=0.12
PCC.Checker=true
PCC.Line=STM32L151/152
PCC.MCU=STM32L152R(6-8-B)Tx
PCC.MXVersion=4.15.1
PCC.PartNumber=STM32L152R8Tx
PCC.Seq0=1
PCC.Seq0.Step0.Average_Current=19.8 \u00B5A
PCC.Seq0.Step0.CPU_Frequency=0 Hz
PCC.Seq0.Step0.Category=Datasheet
PCC.Seq0.Step0.DMIPS=0.0
PCC.Seq0.Step0.Duration=1 ms
PCC.Seq0.Step0.Frequency=32.768 kHz
PCC.Seq0.Step0.Memory=n/a
PCC.Seq0.Step0.Mode=STANDBY
PCC.Seq0.Step0.Oscillator=LSE RTC
PCC.Seq0.Step0.Peripherals=RTC
PCC.Seq0.Step0.TaMax=85.0
PCC.Seq0.Step0.User's_Consumption=18 \u00B5A
PCC.Seq0.Step0.Vcore=NoRange
PCC.Seq0.Step0.Vdd=3.6
PCC.Seq0.Step0.Voltage_Source=Battery
PCC.Series=STM32L1
PCC.Temperature=25
PCC.Vdd=3.6
PH0-OSC_IN.Mode=HSE-External-Oscillator
PH0-OSC_IN.Signal=RCC_OSC_IN
PH1-OSC_OUT.Mode=HSE-External-Oscillator
PH1-OSC_OUT.Signal=RCC_OSC_OUT
RCC.AHBFreq_Value=32000000
RCC.APB1Freq_Value=32000000
RCC.APB1TimFreq_Value=32000000
RCC.APB2Freq_Value=32000000
RCC.APB2TimFreq_Value=32000000
RCC.FCLKCortexFreq_Value=32000000
RCC.FamilyName=M
RCC.HCLKFreq_Value=32000000
RCC.HSE_VALUE=16000000
RCC.HSI_VALUE=16000000
RCC.IPParameters=AHBFreq_Value,APB1Freq_Value,APB1TimFreq_Value,APB2Freq_Value,APB2TimFreq_Value,FCLKCortexFreq_Value,FamilyName,HCLKFreq_Value,HSE_VALUE,HSI_VALUE,LSI_VALUE,MCOPinFreq_Value,MSI_VALUE,PLLCLKFreq_Value,PLLDIV,PLLMUL,PWRFreq_Value,RTCFreq_Value,RTCHSEDivFreq_Value,SYSCLKFreq_VALUE,SYSCLKSource,TIMFreq_Value,TimerFreq_Value,USBOutput,VCOInputFreq_Value,VCOOutputFreq_Value
RCC.LSI_VALUE=37000
RCC.MCOPinFreq_Value=32000000
RCC.MSI_VALUE=2097000
RCC.PLLCLKFreq_Value=32000000
RCC.PLLDIV=RCC_PLL_DIV3
RCC.PLLMUL=RCC_PLL_MUL6
RCC.PWRFreq_Value=32000000
RCC.RTCFreq_Value=37000
RCC.RTCHSEDivFreq_Value=8000000
RCC.SYSCLKFreq_VALUE=32000000
RCC.SYSCLKSource=RCC_SYSCLKSOURCE_PLLCLK
RCC.TIMFreq_Value=32000000
RCC.TimerFreq_Value=32000000
RCC.USBOutput=48000000
RCC.VCOInputFreq_Value=16000000
RCC.VCOOutputFreq_Value=96000000
SH.COMP_DAC1_group.0=DAC_OUT1,DAC_OUT1
SH.COMP_DAC1_group.ConfNb=1
SH.COMP_DAC2_group.0=DAC_OUT2,DAC_OUT2
SH.COMP_DAC2_group.ConfNb=1
SH.S_TIM2_CH2.0=TIM2_CH2,PWM Generation2 CH2
SH.S_TIM2_CH2.ConfNb=1
SH.S_TIM3_CH1.0=TIM3_CH1,PWM Generation1 CH1
SH.S_TIM3_CH1.ConfNb=1
SH.S_TIM3_CH2.0=TIM3_CH2
SH.S_TIM3_CH2.ConfNb=1
SH.S_TIM3_CH4.0=TIM3_CH4,Input_Capture4_from_TI4
SH.S_TIM3_CH4.ConfNb=1
SH.S_TIM4_CH3.0=TIM4_CH3
SH.S_TIM4_CH3.ConfNb=1
TIM2.Channel-PWM\ Generation2\ CH2=TIM_CHANNEL_2
TIM2.IPParameters=Channel-PWM Generation2 CH2
TIM3.Channel-Input_Capture4_from_TI4=TIM_CHANNEL_4
TIM3.ICSelection-Input_Capture4_from_TI4=TIM_ICSELECTION_DIRECTTI
TIM3.IPParameters=ICSelection-Input_Capture4_from_TI4,Channel-Input_Capture4_from_TI4
VP_SYS_VS_Systick.Mode=SysTick
VP_SYS_VS_Systick.Signal=SYS_VS_Systick
